<?xml version="1.0" encoding="utf-8"?>
<Project ToolsVersion="4.0" xmlns="http://schemas.microsoft.com/developer/msbuild/2003">
  <ItemGroup>
    <Filter Include="ソース ファイル">
      <UniqueIdentifier>{4FC737F1-C7A5-4376-A066-2A32D752A2FF}</UniqueIdentifier>
      <Extensions>cpp;c;cc;cxx;c++;cppm;ixx;def;odl;idl;hpj;bat;asm;asmx</Extensions>
    </Filter>
    <Filter Include="ヘッダー ファイル">
      <UniqueIdentifier>{93995380-89BD-4b04-88EB-625FBE52EBFB}</UniqueIdentifier>
      <Extensions>h;hh;hpp;hxx;h++;hm;inl;inc;ipp;xsd</Extensions>
    </Filter>
    <Filter Include="リソース ファイル">
      <UniqueIdentifier>{67DA6AB6-F800-4c08-8B7A-83BB121AAD01}</UniqueIdentifier>
      <Extensions>rc;ico;cur;bmp;dlg;rc2;rct;bin;rgs;gif;jpg;jpeg;jpe;resx;tiff;tif;png;wav;mfcribbon-ms</Extensions>
    </Filter>
    <Filter Include="Direct3D">
      <UniqueIdentifier>{fcd12621-37e2-4517-9936-734623b013bf}</UniqueIdentifier>
    </Filter>
    <Filter Include="Direct3D\Vertex">
      <UniqueIdentifier>{f9b9fc0a-f907-4e3d-9521-088665bbf8aa}</UniqueIdentifier>
    </Filter>
    <Filter Include="Direct3D\Triangle">
      <UniqueIdentifier>{60db1c16-64fa-4e7d-8d5e-21300b80ef4e}</UniqueIdentifier>
    </Filter>
    <Filter Include="Direct3D\Quad">
      <UniqueIdentifier>{d805f779-e1ad-437b-9c3a-2c8edf40e3b7}</UniqueIdentifier>
    </Filter>
    <Filter Include="Shader">
      <UniqueIdentifier>{8764d235-31fa-498c-8213-09b695c95d0e}</UniqueIdentifier>
    </Filter>
    <Filter Include="Direct3D\Cube">
      <UniqueIdentifier>{c171178e-ad7a-4ee3-b0c7-691001183b52}</UniqueIdentifier>
    </Filter>
    <Filter Include="Camera">
      <UniqueIdentifier>{98b5b70c-be77-4011-b6e8-f1d577cc357e}</UniqueIdentifier>
    </Filter>
    <Filter Include="Direct3D\Texture">
      <UniqueIdentifier>{b5e77bcd-f2dc-4c0f-85c6-c98139475b96}</UniqueIdentifier>
    </Filter>
  </ItemGroup>
  <ItemGroup>
    <ClInclude Include="framework.h">
      <Filter>ヘッダー ファイル</Filter>
    </ClInclude>
    <ClInclude Include="targetver.h">
      <Filter>ヘッダー ファイル</Filter>
    </ClInclude>
    <ClInclude Include="Resource.h">
      <Filter>ヘッダー ファイル</Filter>
    </ClInclude>
    <ClInclude Include="WindowsProject1.h">
      <Filter>ヘッダー ファイル</Filter>
    </ClInclude>
    <ClInclude Include="Application.h">
      <Filter>ヘッダー ファイル</Filter>
    </ClInclude>
    <ClInclude Include="Direct3D.h">
      <Filter>Direct3D</Filter>
    </ClInclude>
    <ClInclude Include="pch.h">
      <Filter>ヘッダー ファイル</Filter>
    </ClInclude>
    <ClInclude Include="Direct3D_Triangle.h">
      <Filter>Direct3D\Triangle</Filter>
    </ClInclude>
    <ClInclude Include="Direct3D_Vertex.h">
      <Filter>Direct3D\Vertex</Filter>
    </ClInclude>
    <ClInclude Include="Direct3D_Quad.h">
      <Filter>Direct3D\Quad</Filter>
    </ClInclude>
    <ClInclude Include="Direct3D_Cube.h">
      <Filter>Direct3D\Cube</Filter>
    </ClInclude>
    <ClInclude Include="Shader.h">
      <Filter>Shader</Filter>
    </ClInclude>
    <ClInclude Include="Camera.h">
      <Filter>Camera</Filter>
    </ClInclude>
    <ClInclude Include="Direct3D_Texture.h">
      <Filter>Direct3D\Texture</Filter>
    </ClInclude>
  </ItemGroup>
  <ItemGroup>
    <ClCompile Include="WindowsProject1.cpp">
      <Filter>ソース ファイル</Filter>
    </ClCompile>
    <ClCompile Include="Application.cpp">
      <Filter>ソース ファイル</Filter>
    </ClCompile>
    <ClCompile Include="Direct3D.cpp">
      <Filter>Direct3D</Filter>
    </ClCompile>
    <ClCompile Include="pch.cpp">
      <Filter>ソース ファイル</Filter>
    </ClCompile>
    <ClCompile Include="Direct3D_Triangle.cpp">
      <Filter>Direct3D\Triangle</Filter>
    </ClCompile>
    <ClCompile Include="Direct3D_Vertex.cpp">
      <Filter>Direct3D\Vertex</Filter>
    </ClCompile>
    <ClCompile Include="Direct3D_Quad.cpp">
      <Filter>Direct3D\Quad</Filter>
    </ClCompile>
    <ClCompile Include="Direct3D_Cube.cpp">
      <Filter>Direct3D\Cube</Filter>
    </ClCompile>
    <ClCompile Include="Shader.cpp">
      <Filter>Shader</Filter>
    </ClCompile>
    <ClCompile Include="Camera.cpp">
      <Filter>Camera</Filter>
    </ClCompile>
    <ClCompile Include="Direct3D_Texture.cpp">
      <Filter>Direct3D\Texture</Filter>
    </ClCompile>
  </ItemGroup>
  <ItemGroup>
    <ResourceCompile Include="WindowsProject1.rc">
      <Filter>リソース ファイル</Filter>
    </ResourceCompile>
  </ItemGroup>
  <ItemGroup>
    <Image Include="small.ico">
      <Filter>リソース ファイル</Filter>
    </Image>
    <Image Include="WindowsProject1.ico">
      <Filter>リソース ファイル</Filter>
    </Image>
  </ItemGroup>
  <ItemGroup>
    <FxCompile Include="shader\ps.hlsl">
      <Filter>Shader</Filter>
    </FxCompile>
    <FxCompile Include="shader\vs.hlsl">
      <Filter>Shader</Filter>
    </FxCompile>
    <FxCompile Include="shader\psCube.hlsl">
      <Filter>Shader</Filter>
    </FxCompile>
    <FxCompile Include="shader\vsCube.hlsl">
      <Filter>Shader</Filter>
    </FxCompile>
  </ItemGroup>
</Project>